
Microsoft Visual Studio Solution File, Format Version 12.00
# Visual Studio Version 17
VisualStudioVersion = 17.5.33530.505
MinimumVisualStudioVersion = 10.0.40219.1
Project("{FAE04EC0-301F-11D3-BF4B-00C04F79EFBC}") = "Version Comparer", "Version Comparer.csproj", "{E0FB443F-5DAA-4CAF-B673-8FA8EC2A198F}"
EndProject
Global
	GlobalSection(SolutionConfigurationPlatforms) = preSolution
		Debug|Any CPU = Debug|Any CPU
		Release|Any CPU = Release|Any CPU
	EndGlobalSection
	GlobalSection(ProjectConfigurationPlatforms) = postSolution
		{E0FB443F-5DAA-4CAF-B673-8FA8EC2A198F}.Debug|Any CPU.ActiveCfg = Debug|Any CPU
		{E0FB443F-5DAA-4CAF-B673-8FA8EC2A198F}.Debug|Any CPU.Build.0 = Debug|Any CPU
		{E0FB443F-5DAA-4CAF-B673-8FA8EC2A198F}.Release|Any CPU.ActiveCfg = Release|Any CPU
		{E0FB443F-5DAA-4CAF-B673-8FA8EC2A198F}.Release|Any CPU.Build.0 = Release|Any CPU
	EndGlobalSection
	GlobalSection(SolutionProperties) = preSolution
		HideSolutionNode = FALSE
	EndGlobalSection
	GlobalSection(ExtensibilityGlobals) = postSolution
		SolutionGuid = {379EAE6B-2A64-47FE-BE90-C34E0BF2B0F7}
	EndGlobalSection
EndGlobal
